// !$*UTF8*$!
{
	archiveVersion = 1;
	classes = {
	};
	objectVersion = 46;
	objects = {

/* Begin PBXBuildFile section */
		46FC1EE11C4490ED0050E4D1 /* AppDelegate.swift in Sources */ = {isa = PBXBuildFile; fileRef = 46FC1EE01C4490ED0050E4D1 /* AppDelegate.swift */; };
		46FC1EE31C4490ED0050E4D1 /* ViewController.swift in Sources */ = {isa = PBXBuildFile; fileRef = 46FC1EE21C4490ED0050E4D1 /* ViewController.swift */; };
		46FC1EE61C4490ED0050E4D1 /* Main.storyboard in Resources */ = {isa = PBXBuildFile; fileRef = 46FC1EE41C4490ED0050E4D1 /* Main.storyboard */; };
		46FC1EE81C4490ED0050E4D1 /* Assets.xcassets in Resources */ = {isa = PBXBuildFile; fileRef = 46FC1EE71C4490ED0050E4D1 /* Assets.xcassets */; };
		46FC1EEB1C4490ED0050E4D1 /* LaunchScreen.storyboard in Resources */ = {isa = PBXBuildFile; fileRef = 46FC1EE91C4490ED0050E4D1 /* LaunchScreen.storyboard */; };
/* End PBXBuildFile section */

/* Begin PBXFileReference section */
		46FC1EDD1C4490ED0050E4D1 /* BullsEye.app */ = {isa = PBXFileReference; explicitFileType = wrapper.application; includeInIndex = 0; path = BullsEye.app; sourceTree = BUILT_PRODUCTS_DIR; };
		46FC1EE01C4490ED0050E4D1 /* AppDelegate.swift */ = {isa = PBXFileReference; lastKnownFileType = sourcecode.swift; path = AppDelegate.swift; sourceTree = "<group>"; };
		46FC1EE21C4490ED0050E4D1 /* ViewController.swift */ = {isa = PBXFileReference; lastKnownFileType = sourcecode.swift; path = ViewController.swift; sourceTree = "<group>"; };
		46FC1EE51C4490ED0050E4D1 /* Base */ = {isa = PBXFileReference; lastKnownFileType = file.storyboard; name = Base; path = Base.lproj/Main.storyboard; sourceTree = "<group>"; };
		46FC1EE71C4490ED0050E4D1 /* Assets.xcassets */ = {isa = PBXFileReference; lastKnownFileType = folder.assetcatalog; path = Assets.xcassets; sourceTree = "<group>"; };
		46FC1EEA1C4490ED0050E4D1 /* Base */ = {isa = PBXFileReference; lastKnownFileType = file.storyboard; name = Base; path = Base.lproj/LaunchScreen.storyboard; sourceTree = "<group>"; };
		46FC1EEC1C4490ED0050E4D1 /* Info.plist */ = {isa = PBXFileReference; lastKnownFileType = text.plist.xml; path = Info.plist; sourceTree = "<group>"; };
/* End PBXFileReference section */

/* Begin PBXFrameworksBuildPhase section */
		46FC1EDA1C4490EC0050E4D1 /* Frameworks */ = {
			isa = PBXFrameworksBuildPhase;
			buildActionMask = 2147483647;
			files = (
			);
			runOnlyForDeploymentPostprocessing = 0;
		};
/* End PBXFrameworksBuildPhase section */

/* Begin PBXGroup section */
		46FC1ED41C4490EC0050E4D1 = {
			isa = PBXGroup;
			children = (
				46FC1EDF1C4490ED0050E4D1 /* BullsEye */,
				46FC1EDE1C4490ED0050E4D1 /* Products */,
			);
			sourceTree = "<group>";
		};
		46FC1EDE1C4490ED0050E4D1 /* Products */ = {
			isa = PBXGroup;
			children = (
				46FC1EDD1C4490ED0050E4D1 /* BullsEye.app */,
			);
			name = Products;
			sourceTree = "<group>";
		};
		46FC1EDF1C4490ED0050E4D1 /* BullsEye */ = {
			isa = PBXGroup;
			children = (
				46FC1EE01C4490ED0050E4D1 /* AppDelegate.swift */,
				46FC1EE21C4490ED0050E4D1 /* ViewController.swift */,
				46FC1EE41C4490ED0050E4D1 /* Main.storyboard */,
				46FC1EE71C4490ED0050E4D1 /* Assets.xcassets */,
				46FC1EE91C4490ED0050E4D1 /* LaunchScreen.storyboard */,
				46FC1EEC1C4490ED0050E4D1 /* Info.plist */,
			);
			path = BullsEye;
			sourceTree = "<group>";
		};
/* End PBXGroup section */

/* Begin PBXNativeTarget section */
		46FC1EDC1C4490EC0050E4D1 /* BullsEye */ = {
			isa = PBXNativeTarget;
			buildConfigurationList = 46FC1EEF1C4490ED0050E4D1 /* Build configuration list for PBXNativeTarget "BullsEye" */;
			buildPhases = (
				46FC1ED91C4490EC0050E4D1 /* Sources */,
				46FC1EDA1C4490EC0050E4D1 /* Frameworks */,
				46FC1EDB1C4490EC0050E4D1 /* Resources */,
			);
			buildRules = (
			);
			dependencies = (
			);
			name = BullsEye;
			productName = BullsEye;
			productReference = 46FC1EDD1C4490ED0050E4D1 /* BullsEye.app */;
			productType = "com.apple.product-type.application";
		};
/* End PBXNativeTarget section */

/* Begin PBXProject section */
		46FC1ED51C4490EC0050E4D1 /* Project object */ = {
			isa = PBXProject;
			attributes = {
				LastSwiftUpdateCheck = 0720;
				LastUpgradeCheck = 0720;
				ORGANIZATIONNAME = MichaelQiu;
				TargetAttributes = {
					46FC1EDC1C4490EC0050E4D1 = {
						CreatedOnToolsVersion = 7.2;
					};
				};
			};
			buildConfigurationList = 46FC1ED81C4490EC0050E4D1 /* Build configuration list for PBXProject "BullsEye" */;
			compatibilityVersion = "Xcode 3.2";
			developmentRegion = English;
			hasScannedForEncodings = 0;
			knownRegions = (
				en,
				Base,
			);
			mainGroup = 46FC1ED41C4490EC0050E4D1;
			productRefGroup = 46FC1EDE1C4490ED0050E4D1 /* Products */;
			projectDirPath = "";
			projectRoot = "";
			targets = (
				46FC1EDC1C4490EC0050E4D1 /* BullsEye */,
			);
		};
/* End PBXProject section */

/* Begin PBXResourcesBuildPhase section */
		46FC1EDB1C4490EC0050E4D1 /* Resources */ = {
			isa = PBXResourcesBuildPhase;
			buildActionMask = 2147483647;
			files = (
				46FC1EEB1C4490ED0050E4D1 /* LaunchScreen.storyboard in Resources */,
				46FC1EE81C4490ED0050E4D1 /* Assets.xcassets in Resources */,
				46FC1EE61C4490ED0050E4D1 /* Main.storyboard in Resources */,
			);
			runOnlyForDeploymentPostprocessing = 0;
		};
/* End PBXResourcesBuildPhase section */

/* Begin PBXSourcesBuildPhase section */
		46FC1ED91C4490EC0050E4D1 /* Sources */ = {
			isa = PBXSourcesBuildPhase;
			buildActionMask = 2147483647;
			files = (
				46FC1EE31C4490ED0050E4D1 /* ViewController.swift in Sources */,
				46FC1EE11C4490ED0050E4D1 /* AppDelegate.swift in Sources */,
			);
			runOnlyForDeploymentPostprocessing = 0;
		};
/* End PBXSourcesBuildPhase section */

/* Begin PBXVariantGroup section */
		46FC1EE41C4490ED0050E4D1 /* Main.storyboard */ = {
			isa = PBXVariantGroup;
			children = (
				46FC1EE51C4490ED0050E4D1 /* Base */,
			);
			name = Main.storyboard;
			sourceTree = "<group>";
		};
		46FC1EE91C4490ED0050E4D1 /* LaunchScreen.storyboard */ = {
			isa = PBXVariantGroup;
			children = (
				46FC1EEA1C4490ED0050E4D1 /* Base */,
			);
			name = LaunchScreen.storyboard;
			sourceTree = "<group>";
		};
/* End PBXVariantGroup section */

/* Begin XCBuildConfiguration section */
		46FC1EED1C4490ED0050E4D1 /* Debug */ = {
			isa = XCBuildConfiguration;
			buildSettings = {
				ALWAYS_SEARCH_USER_PATHS = NO;
				CLANG_CXX_LANGUAGE_STANDARD = "gnu++0x";
				CLANG_CXX_LIBRARY = "libc++";
				CLANG_ENABLE_MODULES = YES;
				CLANG_ENABLE_OBJC_ARC = YES;
				CLANG_WARN_BOOL_CONVERSION = YES;
				CLANG_WARN_CONSTANT_CONVERSION = YES;
				CLANG_WARN_DIRECT_OBJC_ISA_USAGE = YES_ERROR;
				CLANG_WARN_EMPTY_BODY = YES;
				CLANG_WARN_ENUM_CONVERSION = YES;
				CLANG_WARN_INT_CONVERSION = YES;
				CLANG_WARN_OBJC_ROOT_CLASS = YES_ERROR;
				CLANG_WARN_UNREACHABLE_CODE = YES;
				CLANG_WARN__DUPLICATE_METHOD_MATCH = YES;
				"CODE_SIGN_IDENTITY[sdk=iphoneos*]" = "iPhone Developer";
				COPY_PHASE_STRIP = NO;
				DEBUG_INFORMATION_FORMAT = dwarf;
				ENABLE_STRICT_OBJC_MSGSEND = YES;
				ENABLE_TESTABILITY = YES;
				GCC_C_LANGUAGE_STANDARD = gnu99;
				GCC_DYNAMIC_NO_PIC = NO;
				GCC_NO_COMMON_BLOCKS = YES;
				GCC_OPTIMIZATION_LEVEL = 0;
				GCC_PREPROCESSOR_DEFINITIONS = (
					"DEBUG=1",
					"$(inherited)",
				);
				GCC_WARN_64_TO_32_BIT_CONVERSION = YES;
				GCC_WARN_ABOUT_RETURN_TYPE = YES_ERROR;
				GCC_WARN_UNDECLARED_SELECTOR = YES;
				GCC_WARN_UNINITIALIZED_AUTOS = YES_AGGRESSIVE;
				GCC_WARN_UNUSED_FUNCTION = YES;
				GCC_WARN_UNUSED_VARIABLE = YES;
				IPHONEOS_DEPLOYMENT_TARGET = 9.2;
				MTL_ENABLE_DEBUG_INFO = YES;
				ONLY_ACTIVE_ARCH = YES;
				SDKROOT = iphoneos;
				SWIFT_OPTIMIZATION_LEVEL = "-Onone";
				TARGETED_DEVICE_FAMILY = "1,2";
			};
			name = Debug;
		};
		46FC1EEE1C4490ED0050E4D1 /* Release */ = {
			isa = XCBuildConfiguration;
			buildSettings = {
				ALWAYS_SEARCH_USER_PATHS = NO;
				CLANG_CXX_LANGUAGE_STANDARD = "gnu++0x";
				CLANG_CXX_LIBRARY = "libc++";
				CLANG_ENABLE_MODULES = YES;
				CLANG_ENABLE_OBJC_ARC = YES;
				CLANG_WARN_BOOL_CONVERSION = YES;
				CLANG_WARN_CONSTANT_CONVERSION = YES;
				CLANG_WARN_DIRECT_OBJC_ISA_USAGE = YES_ERROR;
				CLANG_WARN_EMPTY_BODY = YES;
				CLANG_WARN_ENUM_CONVERSION = YES;
				CLANG_WARN_INT_CONVERSION = YES;
				CLANG_WARN_OBJC_ROOT_CLASS = YES_ERROR;
				CLANG_WARN_UNREACHABLE_CODE = YES;
				CLANG_WARN__DUPLICATE_METHOD_MATCH = YES;
				"CODE_SIGN_IDENTITY[sdk=iphoneos*]" = "iPhone Developer";
				COPY_PHASE_STRIP = NO;
				DEBUG_INFORMATION_FORMAT = "dwarf-with-dsym";
				ENABLE_NS_ASSERTIONS = NO;
				ENABLE_STRICT_OBJC_MSGSEND = YES;
				GCC_C_LANGUAGE_STANDARD = gnu99;
				GCC_NO_COMMON_BLOCKS = YES;
				GCC_WARN_64_TO_32_BIT_CONVERSION = YES;
				GCC_WARN_ABOUT_RETURN_TYPE = YES_ERROR;
				GCC_WARN_UNDECLARED_SELECTOR = YES;
				GCC_WARN_UNINITIALIZED_AUTOS = YES_AGGRESSIVE;
				GCC_WARN_UNUSED_FUNCTION = YES;
				GCC_WARN_UNUSED_VARIABLE = YES;
				IPHONEOS_DEPLOYMENT_TARGET = 9.2;
				MTL_ENABLE_DEBUG_INFO = NO;
				SDKROOT = iphoneos;
				TARGETED_DEVICE_FAMILY = "1,2";
				VALIDATE_PRODUCT = YES;
			};
			name = Release;
		};
		46FC1EF01C4490ED0050E4D1 /* Debug */ = {
			isa = XCBuildConfiguration;
			buildSettings = {
				ASSETCATALOG_COMPILER_APPICON_NAME = AppIcon;
				INFOPLIST_FILE = BullsEye/Info.plist;
				LD_RUNPATH_SEARCH_PATHS = "$(inherited) @executable_path/Frameworks";
				PRODUCT_BUNDLE_IDENTIFIER = cn.MichaelQiu.iOS.BullsEye;
				PRODUCT_NAME = "$(TARGET_NAME)";
			};
			name = Debug;
		};
		46FC1EF11C4490ED0050E4D1 /* Release */ = {
			isa = XCBuildConfiguration;
			buildSettings = {
				ASSETCATALOG_COMPILER_APPICON_NAME = AppIcon;
				INFOPLIST_FILE = BullsEye/Info.plist;
				LD_RUNPATH_SEARCH_PATHS = "$(inherited) @executable_path/Frameworks";
				PRODUCT_BUNDLE_IDENTIFIER = cn.MichaelQiu.iOS.BullsEye;
				PRODUCT_NAME = "$(TARGET_NAME)";
			};
			name = Release;
		};
/* End XCBuildConfiguration section */

/* Begin XCConfigurationList section */
		46FC1ED81C4490EC0050E4D1 /* Build configuration list for PBXProject "BullsEye" */ = {
			isa = XCConfigurationList;
			buildConfigurations = (
				46FC1EED1C4490ED0050E4D1 /* Debug */,
				46FC1EEE1C4490ED0050E4D1 /* Release */,
			);
			defaultConfigurationIsVisible = 0;
			defaultConfigurationName = Release;
		};
		46FC1EEF1C4490ED0050E4D1 /* Build configuration list for PBXNativeTarget "BullsEye" */ = {
			isa = XCConfigurationList;
			buildConfigurations = (
				46FC1EF01C4490ED0050E4D1 /* Debug */,
				46FC1EF11C4490ED0050E4D1 /* Release */,
			);
			defaultConfigurationIsVisible = 0;
		};
/* End XCConfigurationList section */
	};
	rootObject = 46FC1ED51C4490EC0050E4D1 /* Project object */;
}
